{
  "name": "ff-modal",
  "version": "0.0.3",
  "lockfileVersion": 1,
  "requires": true,
  "dependencies": {
    "ff-overlay": {
      "version": "0.0.5",
      "resolved": "https://registry.npmjs.org/ff-overlay/-/ff-overlay-0.0.5.tgz",
      "integrity": "sha512-4sCWR9f+WFF5iipyYW+8MncVIt6ChcT7eMkXsy0iZMM4uekJwEx3mIN7S9chA9V7uKAAuBqCI1IbEBTInxM5rQ==",
      "requires": {
        "tslib": "^1.9.0"
      }
    },
    "tslib": {
      "version": "1.9.3",
      "resolved": "https://registry.npmjs.org/tslib/-/tslib-1.9.3.tgz",
      "integrity": "sha512-4krF8scpejhaOgqzBEcGM7yDIEfi0/8+8zDRZhNZZ2kjmHJ4hv3zCbQWxoJGz1iw5U0Jl0nma13xzHXcncMavQ=="
    }
  }
}
